
Microsoft Visual Studio Solution File, Format Version 12.00
# Visual Studio 15
VisualStudioVersion = 15.0.27703.2026
MinimumVisualStudioVersion = 10.0.40219.1
Project("{FAE04EC0-301F-11D3-BF4B-00C04F79EFBC}") = "Library", "Library\Library.csproj", "{B8524EA0-3264-4562-8A22-6C1F35B1FF1A}"
EndProject
Global
	GlobalSection(SolutionConfigurationPlatforms) = preSolution
		Debug|Any CPU = Debug|Any CPU
		Release|Any CPU = Release|Any CPU
	EndGlobalSection
	GlobalSection(ProjectConfigurationPlatforms) = postSolution
		{B8524EA0-3264-4562-8A22-6C1F35B1FF1A}.Debug|Any CPU.ActiveCfg = Debug|Any CPU
		{B8524EA0-3264-4562-8A22-6C1F35B1FF1A}.Debug|Any CPU.Build.0 = Debug|Any CPU
		{B8524EA0-3264-4562-8A22-6C1F35B1FF1A}.Release|Any CPU.ActiveCfg = Release|Any CPU
		{B8524EA0-3264-4562-8A22-6C1F35B1FF1A}.Release|Any CPU.Build.0 = Release|Any CPU
	EndGlobalSection
	GlobalSection(SolutionProperties) = preSolution
		HideSolutionNode = FALSE
	EndGlobalSection
	GlobalSection(ExtensibilityGlobals) = postSolution
		SolutionGuid = {BF02F175-5C1E-4A83-809E-65F94E25983F}
	EndGlobalSection
EndGlobal
